
Microsoft Visual Studio Solution File, Format Version 12.00
# Visual Studio 15
VisualStudioVersion = 15.0.26730.12
MinimumVisualStudioVersion = 10.0.40219.1
Project("{FAE04EC0-301F-11D3-BF4B-00C04F79EFBC}") = "WinShellShortcuts", "WinShellShortcuts\WinShellShortcuts.csproj", "{7057365A-AF0B-4234-89E6-9A78415088A4}"
EndProject
Project("{FAE04EC0-301F-11D3-BF4B-00C04F79EFBC}") = "UnitTestProject1", "UnitTestProject1\UnitTestProject1.csproj", "{1EE9EE4F-D692-4043-8ABB-1694E9BF213D}"
EndProject
Project("{2150E333-8FDC-42A3-9474-1A3956D46DE8}") = "Solution Items", "Solution Items", "{F2A05C94-0E81-4639-B6EB-E15D2339E1C3}"
	ProjectSection(SolutionItems) = preProject
		Directory_ContextMenus.reg = Directory_ContextMenus.reg
		Directory_MenuWSPack.reg = Directory_MenuWSPack.reg
	EndProjectSection
EndProject
Global
	GlobalSection(SolutionConfigurationPlatforms) = preSolution
		Debug|Any CPU = Debug|Any CPU
		Release|Any CPU = Release|Any CPU
	EndGlobalSection
	GlobalSection(ProjectConfigurationPlatforms) = postSolution
		{7057365A-AF0B-4234-89E6-9A78415088A4}.Debug|Any CPU.ActiveCfg = Debug|Any CPU
		{7057365A-AF0B-4234-89E6-9A78415088A4}.Debug|Any CPU.Build.0 = Debug|Any CPU
		{7057365A-AF0B-4234-89E6-9A78415088A4}.Release|Any CPU.ActiveCfg = Release|Any CPU
		{7057365A-AF0B-4234-89E6-9A78415088A4}.Release|Any CPU.Build.0 = Release|Any CPU
		{1EE9EE4F-D692-4043-8ABB-1694E9BF213D}.Debug|Any CPU.ActiveCfg = Debug|Any CPU
		{1EE9EE4F-D692-4043-8ABB-1694E9BF213D}.Debug|Any CPU.Build.0 = Debug|Any CPU
		{1EE9EE4F-D692-4043-8ABB-1694E9BF213D}.Release|Any CPU.ActiveCfg = Release|Any CPU
		{1EE9EE4F-D692-4043-8ABB-1694E9BF213D}.Release|Any CPU.Build.0 = Release|Any CPU
	EndGlobalSection
	GlobalSection(SolutionProperties) = preSolution
		HideSolutionNode = FALSE
	EndGlobalSection
	GlobalSection(ExtensibilityGlobals) = postSolution
		SolutionGuid = {08788B95-DAE2-485C-81AB-F38C4712DAFF}
	EndGlobalSection
	GlobalSection(TeamFoundationVersionControl) = preSolution
		SccNumberOfProjects = 3
		SccEnterpriseProvider = {4CA58AB2-18FA-4F8D-95D4-32DDF27D184C}
		SccTeamFoundationServer = https://wilsade.visualstudio.com/
		SccLocalPath0 = .
		SccProjectUniqueName1 = WinShellShortcuts\\WinShellShortcuts.csproj
		SccProjectName1 = WinShellShortcuts
		SccLocalPath1 = WinShellShortcuts
		SccProjectUniqueName2 = UnitTestProject1\\UnitTestProject1.csproj
		SccProjectName2 = UnitTestProject1
		SccLocalPath2 = UnitTestProject1
	EndGlobalSection
EndGlobal
